<?xml version="1.0" encoding="utf-8"?>
<Project ToolsVersion="4.0" xmlns="http://schemas.microsoft.com/developer/msbuild/2003">
  <ItemGroup>
    <Filter Include="Source Files">
      <UniqueIdentifier>{4FC737F1-C7A5-4376-A066-2A32D752A2FF}</UniqueIdentifier>
      <Extensions>cpp;c;cc;cxx;c++;cppm;ixx;def;odl;idl;hpj;bat;asm;asmx</Extensions>
    </Filter>
    <Filter Include="Header Files">
      <UniqueIdentifier>{93995380-89BD-4b04-88EB-625FBE52EBFB}</UniqueIdentifier>
      <Extensions>h;hh;hpp;hxx;h++;hm;inl;inc;ipp;xsd</Extensions>
    </Filter>
    <Filter Include="Resource Files">
      <UniqueIdentifier>{67DA6AB6-F800-4c08-8B7A-83BB121AAD01}</UniqueIdentifier>
      <Extensions>rc;ico;cur;bmp;dlg;rc2;rct;bin;rgs;gif;jpg;jpeg;jpe;resx;tiff;tif;png;wav;mfcribbon-ms</Extensions>
    </Filter>
    <Filter Include="Source Files\bbsx">
      <UniqueIdentifier>{3afcc16a-9b6d-48ec-8c37-3d76d5814243}</UniqueIdentifier>
    </Filter>
    <Filter Include="Source Files\tsdz2">
      <UniqueIdentifier>{0753682d-650f-4c13-a2b2-7a748cc9fdee}</UniqueIdentifier>
    </Filter>
  </ItemGroup>
  <ItemGroup>
    <ClCompile Include="main.c">
      <Filter>Source Files</Filter>
    </ClCompile>
    <ClCompile Include="throttle.c">
      <Filter>Source Files</Filter>
    </ClCompile>
    <ClCompile Include="app.c">
      <Filter>Source Files</Filter>
    </ClCompile>
    <ClCompile Include="eventlog.c">
      <Filter>Source Files</Filter>
    </ClCompile>
    <ClCompile Include="extcom.c">
      <Filter>Source Files</Filter>
    </ClCompile>
    <ClCompile Include="cfgstore.c">
      <Filter>Source Files</Filter>
    </ClCompile>
    <ClCompile Include="battery.c">
      <Filter>Source Files</Filter>
    </ClCompile>
    <ClCompile Include="bbsx\adc.c">
      <Filter>Source Files\bbsx</Filter>
    </ClCompile>
    <ClCompile Include="bbsx\eeprom.c">
      <Filter>Source Files\bbsx</Filter>
    </ClCompile>
    <ClCompile Include="bbsx\motor.c">
      <Filter>Source Files\bbsx</Filter>
    </ClCompile>
    <ClCompile Include="bbsx\timers.c">
      <Filter>Source Files\bbsx</Filter>
    </ClCompile>
    <ClCompile Include="bbsx\uart.c">
      <Filter>Source Files\bbsx</Filter>
    </ClCompile>
    <ClCompile Include="bbsx\watchdog.c">
      <Filter>Source Files\bbsx</Filter>
    </ClCompile>
    <ClCompile Include="tsdz2\motor.c">
      <Filter>Source Files\tsdz2</Filter>
    </ClCompile>
    <ClCompile Include="tsdz2\eeprom.c">
      <Filter>Source Files\tsdz2</Filter>
    </ClCompile>
    <ClCompile Include="tsdz2\watchdog.c">
      <Filter>Source Files\tsdz2</Filter>
    </ClCompile>
    <ClCompile Include="bbsx\sensors.c">
      <Filter>Source Files\bbsx</Filter>
    </ClCompile>
    <ClCompile Include="bbsx\lights.c">
      <Filter>Source Files\bbsx</Filter>
    </ClCompile>
    <ClCompile Include="bbsx\system.c">
      <Filter>Source Files\bbsx</Filter>
    </ClCompile>
    <ClCompile Include="tsdz2\adc.c">
      <Filter>Source Files\tsdz2</Filter>
    </ClCompile>
    <ClCompile Include="tsdz2\lights.c">
      <Filter>Source Files\tsdz2</Filter>
    </ClCompile>
    <ClCompile Include="tsdz2\sensors.c">
      <Filter>Source Files\tsdz2</Filter>
    </ClCompile>
    <ClCompile Include="tsdz2\system.c">
      <Filter>Source Files\tsdz2</Filter>
    </ClCompile>
    <ClCompile Include="tsdz2\timers.c">
      <Filter>Source Files\tsdz2</Filter>
    </ClCompile>
    <ClCompile Include="tsdz2\uart.c">
      <Filter>Source Files\tsdz2</Filter>
    </ClCompile>
    <ClCompile Include="tsdz2\torquesensor.c">
      <Filter>Source Files\tsdz2</Filter>
    </ClCompile>
  </ItemGroup>
  <ItemGroup>
    <ClInclude Include="motor.h">
      <Filter>Header Files</Filter>
    </ClInclude>
    <ClInclude Include="system.h">
      <Filter>Header Files</Filter>
    </ClInclude>
    <ClInclude Include="util.h">
      <Filter>Header Files</Filter>
    </ClInclude>
    <ClInclude Include="watchdog.h">
      <Filter>Header Files</Filter>
    </ClInclude>
    <ClInclude Include="uart.h">
      <Filter>Header Files</Filter>
    </ClInclude>
    <ClInclude Include="throttle.h">
      <Filter>Header Files</Filter>
    </ClInclude>
    <ClInclude Include="app.h">
      <Filter>Header Files</Filter>
    </ClInclude>
    <ClInclude Include="eventlog.h">
      <Filter>Header Files</Filter>
    </ClInclude>
    <ClInclude Include="sensors.h">
      <Filter>Header Files</Filter>
    </ClInclude>
    <ClInclude Include="extcom.h">
      <Filter>Header Files</Filter>
    </ClInclude>
    <ClInclude Include="cfgstore.h">
      <Filter>Header Files</Filter>
    </ClInclude>
    <ClInclude Include="eeprom.h">
      <Filter>Header Files</Filter>
    </ClInclude>
    <ClInclude Include="version.h">
      <Filter>Header Files</Filter>
    </ClInclude>
    <ClInclude Include="lights.h">
      <Filter>Header Files</Filter>
    </ClInclude>
    <ClInclude Include="adc.h">
      <Filter>Header Files</Filter>
    </ClInclude>
    <ClInclude Include="battery.h">
      <Filter>Header Files</Filter>
    </ClInclude>
    <ClInclude Include="timers.h">
      <Filter>Header Files</Filter>
    </ClInclude>
    <ClInclude Include="bbsx\timers.h">
      <Filter>Source Files\bbsx</Filter>
    </ClInclude>
    <ClInclude Include="bbsx\uart_motor.h">
      <Filter>Source Files\bbsx</Filter>
    </ClInclude>
    <ClInclude Include="bbsx\interrupt.h">
      <Filter>Source Files\bbsx</Filter>
    </ClInclude>
    <ClInclude Include="bbsx\stc15.h">
      <Filter>Source Files\bbsx</Filter>
    </ClInclude>
    <ClInclude Include="interrupt.h">
      <Filter>Header Files</Filter>
    </ClInclude>
    <ClInclude Include="tsdz2\interrupt.h">
      <Filter>Source Files\tsdz2</Filter>
    </ClInclude>
    <ClInclude Include="intellisense.h">
      <Filter>Header Files</Filter>
    </ClInclude>
    <ClInclude Include="bbsx\pins.h">
      <Filter>Source Files\bbsx</Filter>
    </ClInclude>
    <ClInclude Include="bbsx\cpu.h">
      <Filter>Source Files\bbsx</Filter>
    </ClInclude>
    <ClInclude Include="tsdz2\cpu.h">
      <Filter>Source Files\tsdz2</Filter>
    </ClInclude>
    <ClInclude Include="tsdz2\pins.h">
      <Filter>Source Files\tsdz2</Filter>
    </ClInclude>
    <ClInclude Include="tsdz2\stm8.h">
      <Filter>Source Files\tsdz2</Filter>
    </ClInclude>
    <ClInclude Include="tsdz2\timers.h">
      <Filter>Source Files\tsdz2</Filter>
    </ClInclude>
    <ClInclude Include="fwconfig.h">
      <Filter>Header Files</Filter>
    </ClInclude>
  </ItemGroup>
  <ItemGroup>
    <None Include="makefile" />
  </ItemGroup>
</Project>